
Microsoft Visual Studio Solution File, Format Version 12.00
# Visual Studio Version 17
VisualStudioVersion = 17.0.31903.59
MinimumVisualStudioVersion = 10.0.40219.1
Project("{2150E333-8FDC-42A3-9474-1A3956D46DE8}") = "src", "src", "{D7AF8BC6-878F-4125-A6AC-8A5D6E8B8191}"
EndProject
Project("{2150E333-8FDC-42A3-9474-1A3956D46DE8}") = "Infrastructure", "Infrastructure", "{B6A015DC-80E4-48EC-B9FA-12207716E94C}"
EndProject
Project("{FAE04EC0-301F-11D3-BF4B-00C04F79EFBC}") = "Migrations", "src\Infrastructure\Migrations\Migrations.csproj", "{0F89B7A1-FCAC-4536-981A-2155CBA1FB3B}"
EndProject
Project("{2150E333-8FDC-42A3-9474-1A3956D46DE8}") = "Tests", "Tests", "{0016471F-C9D1-45B8-92C2-B8FD54BBEB39}"
EndProject
Project("{FAE04EC0-301F-11D3-BF4B-00C04F79EFBC}") = "DataAccess", "src\Tests\DataAccess\DataAccess.csproj", "{AF9BDF2D-B85D-4CDB-8ED1-53409F97DA25}"
EndProject
Project("{2150E333-8FDC-42A3-9474-1A3956D46DE8}") = "SolutionItems", "SolutionItems", "{156225FF-DE2A-466D-A217-0EF4E217C814}"
	ProjectSection(SolutionItems) = preProject
		Directory.Build.props = Directory.Build.props
		Directory.Packages.props = Directory.Packages.props
	EndProjectSection
EndProject
Project("{FAE04EC0-301F-11D3-BF4B-00C04F79EFBC}") = "Infrastructure", "src\Infrastructure\Infrastructure\Infrastructure.csproj", "{17EFEA1A-F3C9-4299-8E9C-8C04F7F3DF67}"
EndProject
Project("{FAE04EC0-301F-11D3-BF4B-00C04F79EFBC}") = "EntityframeworkCore", "src\Infrastructure\EntityframeworkCore\EntityframeworkCore.csproj", "{98EF93F1-5755-46B6-8192-A4F792564259}"
EndProject
Project("{2150E333-8FDC-42A3-9474-1A3956D46DE8}") = "Domain", "Domain", "{5BF2F40D-7369-476B-904A-368A149B858F}"
EndProject
Project("{FAE04EC0-301F-11D3-BF4B-00C04F79EFBC}") = "Domain", "src\Domain\Domain\Domain.csproj", "{8570F512-F43A-42DC-8B97-5E0D5BBF77C4}"
EndProject
Project("{FAE04EC0-301F-11D3-BF4B-00C04F79EFBC}") = "DomainShared", "src\Domain\DomainShared\DomainShared.csproj", "{DE03A611-B0F1-45F7-A5C5-6776B540E4B8}"
EndProject
Project("{2150E333-8FDC-42A3-9474-1A3956D46DE8}") = "AppHost", "AppHost", "{95C0A4BC-32CB-44A1-A927-07986F48B4F4}"
EndProject
Project("{FAE04EC0-301F-11D3-BF4B-00C04F79EFBC}") = "AppHost", "src\AppHost\AppHost\AppHost.csproj", "{27AA6E3C-8DD2-483D-B6D3-FDD66FAAAC50}"
EndProject
Project("{FAE04EC0-301F-11D3-BF4B-00C04F79EFBC}") = "Common", "src\Infrastructure\Common\Common.csproj", "{BDE53E4D-00DA-462D-B810-220CE4DD518F}"
EndProject
Global
	GlobalSection(SolutionConfigurationPlatforms) = preSolution
		Debug|Any CPU = Debug|Any CPU
		Release|Any CPU = Release|Any CPU
	EndGlobalSection
	GlobalSection(SolutionProperties) = preSolution
		HideSolutionNode = FALSE
	EndGlobalSection
	GlobalSection(ProjectConfigurationPlatforms) = postSolution
		{0F89B7A1-FCAC-4536-981A-2155CBA1FB3B}.Debug|Any CPU.ActiveCfg = Debug|Any CPU
		{0F89B7A1-FCAC-4536-981A-2155CBA1FB3B}.Debug|Any CPU.Build.0 = Debug|Any CPU
		{0F89B7A1-FCAC-4536-981A-2155CBA1FB3B}.Release|Any CPU.ActiveCfg = Release|Any CPU
		{0F89B7A1-FCAC-4536-981A-2155CBA1FB3B}.Release|Any CPU.Build.0 = Release|Any CPU
		{AF9BDF2D-B85D-4CDB-8ED1-53409F97DA25}.Debug|Any CPU.ActiveCfg = Debug|Any CPU
		{AF9BDF2D-B85D-4CDB-8ED1-53409F97DA25}.Debug|Any CPU.Build.0 = Debug|Any CPU
		{AF9BDF2D-B85D-4CDB-8ED1-53409F97DA25}.Release|Any CPU.ActiveCfg = Release|Any CPU
		{AF9BDF2D-B85D-4CDB-8ED1-53409F97DA25}.Release|Any CPU.Build.0 = Release|Any CPU
		{17EFEA1A-F3C9-4299-8E9C-8C04F7F3DF67}.Debug|Any CPU.ActiveCfg = Debug|Any CPU
		{17EFEA1A-F3C9-4299-8E9C-8C04F7F3DF67}.Debug|Any CPU.Build.0 = Debug|Any CPU
		{17EFEA1A-F3C9-4299-8E9C-8C04F7F3DF67}.Release|Any CPU.ActiveCfg = Release|Any CPU
		{17EFEA1A-F3C9-4299-8E9C-8C04F7F3DF67}.Release|Any CPU.Build.0 = Release|Any CPU
		{98EF93F1-5755-46B6-8192-A4F792564259}.Debug|Any CPU.ActiveCfg = Debug|Any CPU
		{98EF93F1-5755-46B6-8192-A4F792564259}.Debug|Any CPU.Build.0 = Debug|Any CPU
		{98EF93F1-5755-46B6-8192-A4F792564259}.Release|Any CPU.ActiveCfg = Release|Any CPU
		{98EF93F1-5755-46B6-8192-A4F792564259}.Release|Any CPU.Build.0 = Release|Any CPU
		{8570F512-F43A-42DC-8B97-5E0D5BBF77C4}.Debug|Any CPU.ActiveCfg = Debug|Any CPU
		{8570F512-F43A-42DC-8B97-5E0D5BBF77C4}.Debug|Any CPU.Build.0 = Debug|Any CPU
		{8570F512-F43A-42DC-8B97-5E0D5BBF77C4}.Release|Any CPU.ActiveCfg = Release|Any CPU
		{8570F512-F43A-42DC-8B97-5E0D5BBF77C4}.Release|Any CPU.Build.0 = Release|Any CPU
		{DE03A611-B0F1-45F7-A5C5-6776B540E4B8}.Debug|Any CPU.ActiveCfg = Debug|Any CPU
		{DE03A611-B0F1-45F7-A5C5-6776B540E4B8}.Debug|Any CPU.Build.0 = Debug|Any CPU
		{DE03A611-B0F1-45F7-A5C5-6776B540E4B8}.Release|Any CPU.ActiveCfg = Release|Any CPU
		{DE03A611-B0F1-45F7-A5C5-6776B540E4B8}.Release|Any CPU.Build.0 = Release|Any CPU
		{27AA6E3C-8DD2-483D-B6D3-FDD66FAAAC50}.Debug|Any CPU.ActiveCfg = Debug|Any CPU
		{27AA6E3C-8DD2-483D-B6D3-FDD66FAAAC50}.Debug|Any CPU.Build.0 = Debug|Any CPU
		{27AA6E3C-8DD2-483D-B6D3-FDD66FAAAC50}.Release|Any CPU.ActiveCfg = Release|Any CPU
		{27AA6E3C-8DD2-483D-B6D3-FDD66FAAAC50}.Release|Any CPU.Build.0 = Release|Any CPU
		{BDE53E4D-00DA-462D-B810-220CE4DD518F}.Debug|Any CPU.ActiveCfg = Debug|Any CPU
		{BDE53E4D-00DA-462D-B810-220CE4DD518F}.Debug|Any CPU.Build.0 = Debug|Any CPU
		{BDE53E4D-00DA-462D-B810-220CE4DD518F}.Release|Any CPU.ActiveCfg = Release|Any CPU
		{BDE53E4D-00DA-462D-B810-220CE4DD518F}.Release|Any CPU.Build.0 = Release|Any CPU
	EndGlobalSection
	GlobalSection(NestedProjects) = preSolution
		{B6A015DC-80E4-48EC-B9FA-12207716E94C} = {D7AF8BC6-878F-4125-A6AC-8A5D6E8B8191}
		{0F89B7A1-FCAC-4536-981A-2155CBA1FB3B} = {B6A015DC-80E4-48EC-B9FA-12207716E94C}
		{0016471F-C9D1-45B8-92C2-B8FD54BBEB39} = {D7AF8BC6-878F-4125-A6AC-8A5D6E8B8191}
		{AF9BDF2D-B85D-4CDB-8ED1-53409F97DA25} = {0016471F-C9D1-45B8-92C2-B8FD54BBEB39}
		{17EFEA1A-F3C9-4299-8E9C-8C04F7F3DF67} = {B6A015DC-80E4-48EC-B9FA-12207716E94C}
		{98EF93F1-5755-46B6-8192-A4F792564259} = {B6A015DC-80E4-48EC-B9FA-12207716E94C}
		{5BF2F40D-7369-476B-904A-368A149B858F} = {D7AF8BC6-878F-4125-A6AC-8A5D6E8B8191}
		{8570F512-F43A-42DC-8B97-5E0D5BBF77C4} = {5BF2F40D-7369-476B-904A-368A149B858F}
		{DE03A611-B0F1-45F7-A5C5-6776B540E4B8} = {5BF2F40D-7369-476B-904A-368A149B858F}
		{95C0A4BC-32CB-44A1-A927-07986F48B4F4} = {D7AF8BC6-878F-4125-A6AC-8A5D6E8B8191}
		{27AA6E3C-8DD2-483D-B6D3-FDD66FAAAC50} = {95C0A4BC-32CB-44A1-A927-07986F48B4F4}
		{BDE53E4D-00DA-462D-B810-220CE4DD518F} = {B6A015DC-80E4-48EC-B9FA-12207716E94C}
	EndGlobalSection
EndGlobal
